// !$*UTF8*$!
{
	archiveVersion = 1;
	classes = {
	};
	objectVersion = 55;
	objects = {

/* Begin PBXBuildFile section */
		BD3A6EFF2899A6110001757C /* AppDelegate.swift in Sources */ = {isa = PBXBuildFile; fileRef = BD3A6EFE2899A6110001757C /* AppDelegate.swift */; };
		BD3A6F012899A6110001757C /* SceneDelegate.swift in Sources */ = {isa = PBXBuildFile; fileRef = BD3A6F002899A6110001757C /* SceneDelegate.swift */; };
		BD3A6F032899A6110001757C /* ViewController.swift in Sources */ = {isa = PBXBuildFile; fileRef = BD3A6F022899A6110001757C /* ViewController.swift */; };
		BD3A6F062899A6110001757C /* Main.storyboard in Resources */ = {isa = PBXBuildFile; fileRef = BD3A6F042899A6110001757C /* Main.storyboard */; };
		BD3A6F092899A6110001757C /* GitPractice.xcdatamodeld in Sources */ = {isa = PBXBuildFile; fileRef = BD3A6F072899A6110001757C /* GitPractice.xcdatamodeld */; };
		BD3A6F0B2899A6110001757C /* Assets.xcassets in Resources */ = {isa = PBXBuildFile; fileRef = BD3A6F0A2899A6110001757C /* Assets.xcassets */; };
		BD3A6F0E2899A6110001757C /* LaunchScreen.storyboard in Resources */ = {isa = PBXBuildFile; fileRef = BD3A6F0C2899A6110001757C /* LaunchScreen.storyboard */; };
		BD3A6F192899A6110001757C /* GitPracticeTests.swift in Sources */ = {isa = PBXBuildFile; fileRef = BD3A6F182899A6110001757C /* GitPracticeTests.swift */; };
		BD3A6F232899A6110001757C /* GitPracticeUITests.swift in Sources */ = {isa = PBXBuildFile; fileRef = BD3A6F222899A6110001757C /* GitPracticeUITests.swift */; };
		BD3A6F252899A6110001757C /* GitPracticeUITestsLaunchTests.swift in Sources */ = {isa = PBXBuildFile; fileRef = BD3A6F242899A6110001757C /* GitPracticeUITestsLaunchTests.swift */; };
/* End PBXBuildFile section */

/* Begin PBXContainerItemProxy section */
		BD3A6F152899A6110001757C /* PBXContainerItemProxy */ = {
			isa = PBXContainerItemProxy;
			containerPortal = BD3A6EF32899A6110001757C /* Project object */;
			proxyType = 1;
			remoteGlobalIDString = BD3A6EFA2899A6110001757C;
			remoteInfo = GitPractice;
		};
		BD3A6F1F2899A6110001757C /* PBXContainerItemProxy */ = {
			isa = PBXContainerItemProxy;
			containerPortal = BD3A6EF32899A6110001757C /* Project object */;
			proxyType = 1;
			remoteGlobalIDString = BD3A6EFA2899A6110001757C;
			remoteInfo = GitPractice;
		};
/* End PBXContainerItemProxy section */

/* Begin PBXFileReference section */
		BD3A6EFB2899A6110001757C /* GitPractice.app */ = {isa = PBXFileReference; explicitFileType = wrapper.application; includeInIndex = 0; path = GitPractice.app; sourceTree = BUILT_PRODUCTS_DIR; };
		BD3A6EFE2899A6110001757C /* AppDelegate.swift */ = {isa = PBXFileReference; lastKnownFileType = sourcecode.swift; path = AppDelegate.swift; sourceTree = "<group>"; };
		BD3A6F002899A6110001757C /* SceneDelegate.swift */ = {isa = PBXFileReference; lastKnownFileType = sourcecode.swift; path = SceneDelegate.swift; sourceTree = "<group>"; };
		BD3A6F022899A6110001757C /* ViewController.swift */ = {isa = PBXFileReference; lastKnownFileType = sourcecode.swift; path = ViewController.swift; sourceTree = "<group>"; };
		BD3A6F052899A6110001757C /* Base */ = {isa = PBXFileReference; lastKnownFileType = file.storyboard; name = Base; path = Base.lproj/Main.storyboard; sourceTree = "<group>"; };
		BD3A6F082899A6110001757C /* GitPractice.xcdatamodel */ = {isa = PBXFileReference; lastKnownFileType = wrapper.xcdatamodel; path = GitPractice.xcdatamodel; sourceTree = "<group>"; };
		BD3A6F0A2899A6110001757C /* Assets.xcassets */ = {isa = PBXFileReference; lastKnownFileType = folder.assetcatalog; path = Assets.xcassets; sourceTree = "<group>"; };
		BD3A6F0D2899A6110001757C /* Base */ = {isa = PBXFileReference; lastKnownFileType = file.storyboard; name = Base; path = Base.lproj/LaunchScreen.storyboard; sourceTree = "<group>"; };
		BD3A6F0F2899A6110001757C /* Info.plist */ = {isa = PBXFileReference; lastKnownFileType = text.plist.xml; path = Info.plist; sourceTree = "<group>"; };
		BD3A6F142899A6110001757C /* GitPracticeTests.xctest */ = {isa = PBXFileReference; explicitFileType = wrapper.cfbundle; includeInIndex = 0; path = GitPracticeTests.xctest; sourceTree = BUILT_PRODUCTS_DIR; };
		BD3A6F182899A6110001757C /* GitPracticeTests.swift */ = {isa = PBXFileReference; lastKnownFileType = sourcecode.swift; path = GitPracticeTests.swift; sourceTree = "<group>"; };
		BD3A6F1E2899A6110001757C /* GitPracticeUITests.xctest */ = {isa = PBXFileReference; explicitFileType = wrapper.cfbundle; includeInIndex = 0; path = GitPracticeUITests.xctest; sourceTree = BUILT_PRODUCTS_DIR; };
		BD3A6F222899A6110001757C /* GitPracticeUITests.swift */ = {isa = PBXFileReference; lastKnownFileType = sourcecode.swift; path = GitPracticeUITests.swift; sourceTree = "<group>"; };
		BD3A6F242899A6110001757C /* GitPracticeUITestsLaunchTests.swift */ = {isa = PBXFileReference; lastKnownFileType = sourcecode.swift; path = GitPracticeUITestsLaunchTests.swift; sourceTree = "<group>"; };
/* End PBXFileReference section */

/* Begin PBXFrameworksBuildPhase section */
		BD3A6EF82899A6110001757C /* Frameworks */ = {
			isa = PBXFrameworksBuildPhase;
			buildActionMask = 2147483647;
			files = (
			);
			runOnlyForDeploymentPostprocessing = 0;
		};
		BD3A6F112899A6110001757C /* Frameworks */ = {
			isa = PBXFrameworksBuildPhase;
			buildActionMask = 2147483647;
			files = (
			);
			runOnlyForDeploymentPostprocessing = 0;
		};
		BD3A6F1B2899A6110001757C /* Frameworks */ = {
			isa = PBXFrameworksBuildPhase;
			buildActionMask = 2147483647;
			files = (
			);
			runOnlyForDeploymentPostprocessing = 0;
		};
/* End PBXFrameworksBuildPhase section */

/* Begin PBXGroup section */
		BD3A6EF22899A6110001757C = {
			isa = PBXGroup;
			children = (
				BD3A6EFD2899A6110001757C /* GitPractice */,
				BD3A6F172899A6110001757C /* GitPracticeTests */,
				BD3A6F212899A6110001757C /* GitPracticeUITests */,
				BD3A6EFC2899A6110001757C /* Products */,
			);
			sourceTree = "<group>";
		};
		BD3A6EFC2899A6110001757C /* Products */ = {
			isa = PBXGroup;
			children = (
				BD3A6EFB2899A6110001757C /* GitPractice.app */,
				BD3A6F142899A6110001757C /* GitPracticeTests.xctest */,
				BD3A6F1E2899A6110001757C /* GitPracticeUITests.xctest */,
			);
			name = Products;
			sourceTree = "<group>";
		};
		BD3A6EFD2899A6110001757C /* GitPractice */ = {
			isa = PBXGroup;
			children = (
				BD3A6EFE2899A6110001757C /* AppDelegate.swift */,
				BD3A6F002899A6110001757C /* SceneDelegate.swift */,
				BD3A6F022899A6110001757C /* ViewController.swift */,
				BD3A6F042899A6110001757C /* Main.storyboard */,
				BD3A6F0A2899A6110001757C /* Assets.xcassets */,
				BD3A6F0C2899A6110001757C /* LaunchScreen.storyboard */,
				BD3A6F0F2899A6110001757C /* Info.plist */,
				BD3A6F072899A6110001757C /* GitPractice.xcdatamodeld */,
			);
			path = GitPractice;
			sourceTree = "<group>";
		};
		BD3A6F172899A6110001757C /* GitPracticeTests */ = {
			isa = PBXGroup;
			children = (
				BD3A6F182899A6110001757C /* GitPracticeTests.swift */,
			);
			path = GitPracticeTests;
			sourceTree = "<group>";
		};
		BD3A6F212899A6110001757C /* GitPracticeUITests */ = {
			isa = PBXGroup;
			children = (
				BD3A6F222899A6110001757C /* GitPracticeUITests.swift */,
				BD3A6F242899A6110001757C /* GitPracticeUITestsLaunchTests.swift */,
			);
			path = GitPracticeUITests;
			sourceTree = "<group>";
		};
/* End PBXGroup section */

/* Begin PBXNativeTarget section */
		BD3A6EFA2899A6110001757C /* GitPractice */ = {
			isa = PBXNativeTarget;
			buildConfigurationList = BD3A6F282899A6120001757C /* Build configuration list for PBXNativeTarget "GitPractice" */;
			buildPhases = (
				BD3A6EF72899A6110001757C /* Sources */,
				BD3A6EF82899A6110001757C /* Frameworks */,
				BD3A6EF92899A6110001757C /* Resources */,
			);
			buildRules = (
			);
			dependencies = (
			);
			name = GitPractice;
			productName = GitPractice;
			productReference = BD3A6EFB2899A6110001757C /* GitPractice.app */;
			productType = "com.apple.product-type.application";
		};
		BD3A6F132899A6110001757C /* GitPracticeTests */ = {
			isa = PBXNativeTarget;
			buildConfigurationList = BD3A6F2B2899A6120001757C /* Build configuration list for PBXNativeTarget "GitPracticeTests" */;
			buildPhases = (
				BD3A6F102899A6110001757C /* Sources */,
				BD3A6F112899A6110001757C /* Frameworks */,
				BD3A6F122899A6110001757C /* Resources */,
			);
			buildRules = (
			);
			dependencies = (
				BD3A6F162899A6110001757C /* PBXTargetDependency */,
			);
			name = GitPracticeTests;
			productName = GitPracticeTests;
			productReference = BD3A6F142899A6110001757C /* GitPracticeTests.xctest */;
			productType = "com.apple.product-type.bundle.unit-test";
		};
		BD3A6F1D2899A6110001757C /* GitPracticeUITests */ = {
			isa = PBXNativeTarget;
			buildConfigurationList = BD3A6F2E2899A6120001757C /* Build configuration list for PBXNativeTarget "GitPracticeUITests" */;
			buildPhases = (
				BD3A6F1A2899A6110001757C /* Sources */,
				BD3A6F1B2899A6110001757C /* Frameworks */,
				BD3A6F1C2899A6110001757C /* Resources */,
			);
			buildRules = (
			);
			dependencies = (
				BD3A6F202899A6110001757C /* PBXTargetDependency */,
			);
			name = GitPracticeUITests;
			productName = GitPracticeUITests;
			productReference = BD3A6F1E2899A6110001757C /* GitPracticeUITests.xctest */;
			productType = "com.apple.product-type.bundle.ui-testing";
		};
/* End PBXNativeTarget section */

/* Begin PBXProject section */
		BD3A6EF32899A6110001757C /* Project object */ = {
			isa = PBXProject;
			attributes = {
				BuildIndependentTargetsInParallel = 1;
				LastSwiftUpdateCheck = 1340;
				LastUpgradeCheck = 1340;
				TargetAttributes = {
					BD3A6EFA2899A6110001757C = {
						CreatedOnToolsVersion = 13.4.1;
					};
					BD3A6F132899A6110001757C = {
						CreatedOnToolsVersion = 13.4.1;
						TestTargetID = BD3A6EFA2899A6110001757C;
					};
					BD3A6F1D2899A6110001757C = {
						CreatedOnToolsVersion = 13.4.1;
						TestTargetID = BD3A6EFA2899A6110001757C;
					};
				};
			};
			buildConfigurationList = BD3A6EF62899A6110001757C /* Build configuration list for PBXProject "GitPractice" */;
			compatibilityVersion = "Xcode 13.0";
			developmentRegion = en;
			hasScannedForEncodings = 0;
			knownRegions = (
				en,
				Base,
			);
			mainGroup = BD3A6EF22899A6110001757C;
			productRefGroup = BD3A6EFC2899A6110001757C /* Products */;
			projectDirPath = "";
			projectRoot = "";
			targets = (
				BD3A6EFA2899A6110001757C /* GitPractice */,
				BD3A6F132899A6110001757C /* GitPracticeTests */,
				BD3A6F1D2899A6110001757C /* GitPracticeUITests */,
			);
		};
/* End PBXProject section */

/* Begin PBXResourcesBuildPhase section */
		BD3A6EF92899A6110001757C /* Resources */ = {
			isa = PBXResourcesBuildPhase;
			buildActionMask = 2147483647;
			files = (
				BD3A6F0E2899A6110001757C /* LaunchScreen.storyboard in Resources */,
				BD3A6F0B2899A6110001757C /* Assets.xcassets in Resources */,
				BD3A6F062899A6110001757C /* Main.storyboard in Resources */,
			);
			runOnlyForDeploymentPostprocessing = 0;
		};
		BD3A6F122899A6110001757C /* Resources */ = {
			isa = PBXResourcesBuildPhase;
			buildActionMask = 2147483647;
			files = (
			);
			runOnlyForDeploymentPostprocessing = 0;
		};
		BD3A6F1C2899A6110001757C /* Resources */ = {
			isa = PBXResourcesBuildPhase;
			buildActionMask = 2147483647;
			files = (
			);
			runOnlyForDeploymentPostprocessing = 0;
		};
/* End PBXResourcesBuildPhase section */

/* Begin PBXSourcesBuildPhase section */
		BD3A6EF72899A6110001757C /* Sources */ = {
			isa = PBXSourcesBuildPhase;
			buildActionMask = 2147483647;
			files = (
				BD3A6F032899A6110001757C /* ViewController.swift in Sources */,
				BD3A6EFF2899A6110001757C /* AppDelegate.swift in Sources */,
				BD3A6F012899A6110001757C /* SceneDelegate.swift in Sources */,
				BD3A6F092899A6110001757C /* GitPractice.xcdatamodeld in Sources */,
			);
			runOnlyForDeploymentPostprocessing = 0;
		};
		BD3A6F102899A6110001757C /* Sources */ = {
			isa = PBXSourcesBuildPhase;
			buildActionMask = 2147483647;
			files = (
				BD3A6F192899A6110001757C /* GitPracticeTests.swift in Sources */,
			);
			runOnlyForDeploymentPostprocessing = 0;
		};
		BD3A6F1A2899A6110001757C /* Sources */ = {
			isa = PBXSourcesBuildPhase;
			buildActionMask = 2147483647;
			files = (
				BD3A6F252899A6110001757C /* GitPracticeUITestsLaunchTests.swift in Sources */,
				BD3A6F232899A6110001757C /* GitPracticeUITests.swift in Sources */,
			);
			runOnlyForDeploymentPostprocessing = 0;
		};
/* End PBXSourcesBuildPhase section */

/* Begin PBXTargetDependency section */
		BD3A6F162899A6110001757C /* PBXTargetDependency */ = {
			isa = PBXTargetDependency;
			target = BD3A6EFA2899A6110001757C /* GitPractice */;
			targetProxy = BD3A6F152899A6110001757C /* PBXContainerItemProxy */;
		};
		BD3A6F202899A6110001757C /* PBXTargetDependency */ = {
			isa = PBXTargetDependency;
			target = BD3A6EFA2899A6110001757C /* GitPractice */;
			targetProxy = BD3A6F1F2899A6110001757C /* PBXContainerItemProxy */;
		};
/* End PBXTargetDependency section */

/* Begin PBXVariantGroup section */
		BD3A6F042899A6110001757C /* Main.storyboard */ = {
			isa = PBXVariantGroup;
			children = (
				BD3A6F052899A6110001757C /* Base */,
			);
			name = Main.storyboard;
			sourceTree = "<group>";
		};
		BD3A6F0C2899A6110001757C /* LaunchScreen.storyboard */ = {
			isa = PBXVariantGroup;
			children = (
				BD3A6F0D2899A6110001757C /* Base */,
			);
			name = LaunchScreen.storyboard;
			sourceTree = "<group>";
		};
/* End PBXVariantGroup section */

/* Begin XCBuildConfiguration section */
		BD3A6F262899A6110001757C /* Debug */ = {
			isa = XCBuildConfiguration;
			buildSettings = {
				ALWAYS_SEARCH_USER_PATHS = NO;
				CLANG_ANALYZER_NONNULL = YES;
				CLANG_ANALYZER_NUMBER_OBJECT_CONVERSION = YES_AGGRESSIVE;
				CLANG_CXX_LANGUAGE_STANDARD = "gnu++17";
				CLANG_ENABLE_MODULES = YES;
				CLANG_ENABLE_OBJC_ARC = YES;
				CLANG_ENABLE_OBJC_WEAK = YES;
				CLANG_WARN_BLOCK_CAPTURE_AUTORELEASING = YES;
				CLANG_WARN_BOOL_CONVERSION = YES;
				CLANG_WARN_COMMA = YES;
				CLANG_WARN_CONSTANT_CONVERSION = YES;
				CLANG_WARN_DEPRECATED_OBJC_IMPLEMENTATIONS = YES;
				CLANG_WARN_DIRECT_OBJC_ISA_USAGE = YES_ERROR;
				CLANG_WARN_DOCUMENTATION_COMMENTS = YES;
				CLANG_WARN_EMPTY_BODY = YES;
				CLANG_WARN_ENUM_CONVERSION = YES;
				CLANG_WARN_INFINITE_RECURSION = YES;
				CLANG_WARN_INT_CONVERSION = YES;
				CLANG_WARN_NON_LITERAL_NULL_CONVERSION = YES;
				CLANG_WARN_OBJC_IMPLICIT_RETAIN_SELF = YES;
				CLANG_WARN_OBJC_LITERAL_CONVERSION = YES;
				CLANG_WARN_OBJC_ROOT_CLASS = YES_ERROR;
				CLANG_WARN_QUOTED_INCLUDE_IN_FRAMEWORK_HEADER = YES;
				CLANG_WARN_RANGE_LOOP_ANALYSIS = YES;
				CLANG_WARN_STRICT_PROTOTYPES = YES;
				CLANG_WARN_SUSPICIOUS_MOVE = YES;
				CLANG_WARN_UNGUARDED_AVAILABILITY = YES_AGGRESSIVE;
				CLANG_WARN_UNREACHABLE_CODE = YES;
				CLANG_WARN__DUPLICATE_METHOD_MATCH = YES;
				COPY_PHASE_STRIP = NO;
				DEBUG_INFORMATION_FORMAT = dwarf;
				ENABLE_STRICT_OBJC_MSGSEND = YES;
				ENABLE_TESTABILITY = YES;
				GCC_C_LANGUAGE_STANDARD = gnu11;
				GCC_DYNAMIC_NO_PIC = NO;
				GCC_NO_COMMON_BLOCKS = YES;
				GCC_OPTIMIZATION_LEVEL = 0;
				GCC_PREPROCESSOR_DEFINITIONS = (
					"DEBUG=1",
					"$(inherited)",
				);
				GCC_WARN_64_TO_32_BIT_CONVERSION = YES;
				GCC_WARN_ABOUT_RETURN_TYPE = YES_ERROR;
				GCC_WARN_UNDECLARED_SELECTOR = YES;
				GCC_WARN_UNINITIALIZED_AUTOS = YES_AGGRESSIVE;
				GCC_WARN_UNUSED_FUNCTION = YES;
				GCC_WARN_UNUSED_VARIABLE = YES;
				IPHONEOS_DEPLOYMENT_TARGET = 15.5;
				MTL_ENABLE_DEBUG_INFO = INCLUDE_SOURCE;
				MTL_FAST_MATH = YES;
				ONLY_ACTIVE_ARCH = YES;
				SDKROOT = iphoneos;
				SWIFT_ACTIVE_COMPILATION_CONDITIONS = DEBUG;
				SWIFT_OPTIMIZATION_LEVEL = "-Onone";
			};
			name = Debug;
		};
		BD3A6F272899A6110001757C /* Release */ = {
			isa = XCBuildConfiguration;
			buildSettings = {
				ALWAYS_SEARCH_USER_PATHS = NO;
				CLANG_ANALYZER_NONNULL = YES;
				CLANG_ANALYZER_NUMBER_OBJECT_CONVERSION = YES_AGGRESSIVE;
				CLANG_CXX_LANGUAGE_STANDARD = "gnu++17";
				CLANG_ENABLE_MODULES = YES;
				CLANG_ENABLE_OBJC_ARC = YES;
				CLANG_ENABLE_OBJC_WEAK = YES;
				CLANG_WARN_BLOCK_CAPTURE_AUTORELEASING = YES;
				CLANG_WARN_BOOL_CONVERSION = YES;
				CLANG_WARN_COMMA = YES;
				CLANG_WARN_CONSTANT_CONVERSION = YES;
				CLANG_WARN_DEPRECATED_OBJC_IMPLEMENTATIONS = YES;
				CLANG_WARN_DIRECT_OBJC_ISA_USAGE = YES_ERROR;
				CLANG_WARN_DOCUMENTATION_COMMENTS = YES;
				CLANG_WARN_EMPTY_BODY = YES;
				CLANG_WARN_ENUM_CONVERSION = YES;
				CLANG_WARN_INFINITE_RECURSION = YES;
				CLANG_WARN_INT_CONVERSION = YES;
				CLANG_WARN_NON_LITERAL_NULL_CONVERSION = YES;
				CLANG_WARN_OBJC_IMPLICIT_RETAIN_SELF = YES;
				CLANG_WARN_OBJC_LITERAL_CONVERSION = YES;
				CLANG_WARN_OBJC_ROOT_CLASS = YES_ERROR;
				CLANG_WARN_QUOTED_INCLUDE_IN_FRAMEWORK_HEADER = YES;
				CLANG_WARN_RANGE_LOOP_ANALYSIS = YES;
				CLANG_WARN_STRICT_PROTOTYPES = YES;
				CLANG_WARN_SUSPICIOUS_MOVE = YES;
				CLANG_WARN_UNGUARDED_AVAILABILITY = YES_AGGRESSIVE;
				CLANG_WARN_UNREACHABLE_CODE = YES;
				CLANG_WARN__DUPLICATE_METHOD_MATCH = YES;
				COPY_PHASE_STRIP = NO;
				DEBUG_INFORMATION_FORMAT = "dwarf-with-dsym";
				ENABLE_NS_ASSERTIONS = NO;
				ENABLE_STRICT_OBJC_MSGSEND = YES;
				GCC_C_LANGUAGE_STANDARD = gnu11;
				GCC_NO_COMMON_BLOCKS = YES;
				GCC_WARN_64_TO_32_BIT_CONVERSION = YES;
				GCC_WARN_ABOUT_RETURN_TYPE = YES_ERROR;
				GCC_WARN_UNDECLARED_SELECTOR = YES;
				GCC_WARN_UNINITIALIZED_AUTOS = YES_AGGRESSIVE;
				GCC_WARN_UNUSED_FUNCTION = YES;
				GCC_WARN_UNUSED_VARIABLE = YES;
				IPHONEOS_DEPLOYMENT_TARGET = 15.5;
				MTL_ENABLE_DEBUG_INFO = NO;
				MTL_FAST_MATH = YES;
				SDKROOT = iphoneos;
				SWIFT_COMPILATION_MODE = wholemodule;
				SWIFT_OPTIMIZATION_LEVEL = "-O";
				VALIDATE_PRODUCT = YES;
			};
			name = Release;
		};
		BD3A6F292899A6120001757C /* Debug */ = {
			isa = XCBuildConfiguration;
			buildSettings = {
				ASSETCATALOG_COMPILER_APPICON_NAME = AppIcon;
				ASSETCATALOG_COMPILER_GLOBAL_ACCENT_COLOR_NAME = AccentColor;
				CODE_SIGN_STYLE = Automatic;
				CURRENT_PROJECT_VERSION = 1;
				GENERATE_INFOPLIST_FILE = YES;
				INFOPLIST_FILE = GitPractice/Info.plist;
				INFOPLIST_KEY_UIApplicationSupportsIndirectInputEvents = YES;
				INFOPLIST_KEY_UILaunchStoryboardName = LaunchScreen;
				INFOPLIST_KEY_UIMainStoryboardFile = Main;
				INFOPLIST_KEY_UISupportedInterfaceOrientations_iPad = "UIInterfaceOrientationPortrait UIInterfaceOrientationPortraitUpsideDown UIInterfaceOrientationLandscapeLeft UIInterfaceOrientationLandscapeRight";
				INFOPLIST_KEY_UISupportedInterfaceOrientations_iPhone = "UIInterfaceOrientationPortrait UIInterfaceOrientationLandscapeLeft UIInterfaceOrientationLandscapeRight";
				LD_RUNPATH_SEARCH_PATHS = (
					"$(inherited)",
					"@executable_path/Frameworks",
				);
				MARKETING_VERSION = 1.0;
				PRODUCT_BUNDLE_IDENTIFIER = KWK.GitPractice;
				PRODUCT_NAME = "$(TARGET_NAME)";
				SWIFT_EMIT_LOC_STRINGS = YES;
				SWIFT_VERSION = 5.0;
				TARGETED_DEVICE_FAMILY = "1,2";
			};
			name = Debug;
		};
		BD3A6F2A2899A6120001757C /* Release */ = {
			isa = XCBuildConfiguration;
			buildSettings = {
				ASSETCATALOG_COMPILER_APPICON_NAME = AppIcon;
				ASSETCATALOG_COMPILER_GLOBAL_ACCENT_COLOR_NAME = AccentColor;
				CODE_SIGN_STYLE = Automatic;
				CURRENT_PROJECT_VERSION = 1;
				GENERATE_INFOPLIST_FILE = YES;
				INFOPLIST_FILE = GitPractice/Info.plist;
				INFOPLIST_KEY_UIApplicationSupportsIndirectInputEvents = YES;
				INFOPLIST_KEY_UILaunchStoryboardName = LaunchScreen;
				INFOPLIST_KEY_UIMainStoryboardFile = Main;
				INFOPLIST_KEY_UISupportedInterfaceOrientations_iPad = "UIInterfaceOrientationPortrait UIInterfaceOrientationPortraitUpsideDown UIInterfaceOrientationLandscapeLeft UIInterfaceOrientationLandscapeRight";
				INFOPLIST_KEY_UISupportedInterfaceOrientations_iPhone = "UIInterfaceOrientationPortrait UIInterfaceOrientationLandscapeLeft UIInterfaceOrientationLandscapeRight";
				LD_RUNPATH_SEARCH_PATHS = (
					"$(inherited)",
					"@executable_path/Frameworks",
				);
				MARKETING_VERSION = 1.0;
				PRODUCT_BUNDLE_IDENTIFIER = KWK.GitPractice;
				PRODUCT_NAME = "$(TARGET_NAME)";
				SWIFT_EMIT_LOC_STRINGS = YES;
				SWIFT_VERSION = 5.0;
				TARGETED_DEVICE_FAMILY = "1,2";
			};
			name = Release;
		};
		BD3A6F2C2899A6120001757C /* Debug */ = {
			isa = XCBuildConfiguration;
			buildSettings = {
				ALWAYS_EMBED_SWIFT_STANDARD_LIBRARIES = YES;
				BUNDLE_LOADER = "$(TEST_HOST)";
				CODE_SIGN_STYLE = Automatic;
				CURRENT_PROJECT_VERSION = 1;
				GENERATE_INFOPLIST_FILE = YES;
				IPHONEOS_DEPLOYMENT_TARGET = 15.5;
				MARKETING_VERSION = 1.0;
				PRODUCT_BUNDLE_IDENTIFIER = KWK.GitPracticeTests;
				PRODUCT_NAME = "$(TARGET_NAME)";
				SWIFT_EMIT_LOC_STRINGS = NO;
				SWIFT_VERSION = 5.0;
				TARGETED_DEVICE_FAMILY = "1,2";
				TEST_HOST = "$(BUILT_PRODUCTS_DIR)/GitPractice.app/GitPractice";
			};
			name = Debug;
		};
		BD3A6F2D2899A6120001757C /* Release */ = {
			isa = XCBuildConfiguration;
			buildSettings = {
				ALWAYS_EMBED_SWIFT_STANDARD_LIBRARIES = YES;
				BUNDLE_LOADER = "$(TEST_HOST)";
				CODE_SIGN_STYLE = Automatic;
				CURRENT_PROJECT_VERSION = 1;
				GENERATE_INFOPLIST_FILE = YES;
				IPHONEOS_DEPLOYMENT_TARGET = 15.5;
				MARKETING_VERSION = 1.0;
				PRODUCT_BUNDLE_IDENTIFIER = KWK.GitPracticeTests;
				PRODUCT_NAME = "$(TARGET_NAME)";
				SWIFT_EMIT_LOC_STRINGS = NO;
				SWIFT_VERSION = 5.0;
				TARGETED_DEVICE_FAMILY = "1,2";
				TEST_HOST = "$(BUILT_PRODUCTS_DIR)/GitPractice.app/GitPractice";
			};
			name = Release;
		};
		BD3A6F2F2899A6120001757C /* Debug */ = {
			isa = XCBuildConfiguration;
			buildSettings = {
				ALWAYS_EMBED_SWIFT_STANDARD_LIBRARIES = YES;
				CODE_SIGN_STYLE = Automatic;
				CURRENT_PROJECT_VERSION = 1;
				GENERATE_INFOPLIST_FILE = YES;
				MARKETING_VERSION = 1.0;
				PRODUCT_BUNDLE_IDENTIFIER = KWK.GitPracticeUITests;
				PRODUCT_NAME = "$(TARGET_NAME)";
				SWIFT_EMIT_LOC_STRINGS = NO;
				SWIFT_VERSION = 5.0;
				TARGETED_DEVICE_FAMILY = "1,2";
				TEST_TARGET_NAME = GitPractice;
			};
			name = Debug;
		};
		BD3A6F302899A6120001757C /* Release */ = {
			isa = XCBuildConfiguration;
			buildSettings = {
				ALWAYS_EMBED_SWIFT_STANDARD_LIBRARIES = YES;
				CODE_SIGN_STYLE = Automatic;
				CURRENT_PROJECT_VERSION = 1;
				GENERATE_INFOPLIST_FILE = YES;
				MARKETING_VERSION = 1.0;
				PRODUCT_BUNDLE_IDENTIFIER = KWK.GitPracticeUITests;
				PRODUCT_NAME = "$(TARGET_NAME)";
				SWIFT_EMIT_LOC_STRINGS = NO;
				SWIFT_VERSION = 5.0;
				TARGETED_DEVICE_FAMILY = "1,2";
				TEST_TARGET_NAME = GitPractice;
			};
			name = Release;
		};
/* End XCBuildConfiguration section */

/* Begin XCConfigurationList section */
		BD3A6EF62899A6110001757C /* Build configuration list for PBXProject "GitPractice" */ = {
			isa = XCConfigurationList;
			buildConfigurations = (
				BD3A6F262899A6110001757C /* Debug */,
				BD3A6F272899A6110001757C /* Release */,
			);
			defaultConfigurationIsVisible = 0;
			defaultConfigurationName = Release;
		};
		BD3A6F282899A6120001757C /* Build configuration list for PBXNativeTarget "GitPractice" */ = {
			isa = XCConfigurationList;
			buildConfigurations = (
				BD3A6F292899A6120001757C /* Debug */,
				BD3A6F2A2899A6120001757C /* Release */,
			);
			defaultConfigurationIsVisible = 0;
			defaultConfigurationName = Release;
		};
		BD3A6F2B2899A6120001757C /* Build configuration list for PBXNativeTarget "GitPracticeTests" */ = {
			isa = XCConfigurationList;
			buildConfigurations = (
				BD3A6F2C2899A6120001757C /* Debug */,
				BD3A6F2D2899A6120001757C /* Release */,
			);
			defaultConfigurationIsVisible = 0;
			defaultConfigurationName = Release;
		};
		BD3A6F2E2899A6120001757C /* Build configuration list for PBXNativeTarget "GitPracticeUITests" */ = {
			isa = XCConfigurationList;
			buildConfigurations = (
				BD3A6F2F2899A6120001757C /* Debug */,
				BD3A6F302899A6120001757C /* Release */,
			);
			defaultConfigurationIsVisible = 0;
			defaultConfigurationName = Release;
		};
/* End XCConfigurationList section */

/* Begin XCVersionGroup section */
		BD3A6F072899A6110001757C /* GitPractice.xcdatamodeld */ = {
			isa = XCVersionGroup;
			children = (
				BD3A6F082899A6110001757C /* GitPractice.xcdatamodel */,
			);
			currentVersion = BD3A6F082899A6110001757C /* GitPractice.xcdatamodel */;
			path = GitPractice.xcdatamodeld;
			sourceTree = "<group>";
			versionGroupType = wrapper.xcdatamodel;
		};
/* End XCVersionGroup section */
	};
	rootObject = BD3A6EF32899A6110001757C /* Project object */;
}
